
Microsoft Visual Studio Solution File, Format Version 12.00
# Visual Studio 15
VisualStudioVersion = 15.0.27130.2020
MinimumVisualStudioVersion = 10.0.40219.1
Project("{FAE04EC0-301F-11D3-BF4B-00C04F79EFBC}") = "Add_Class_To_Parse", "Add_Class_To_Parse\Add_Class_To_Parse.csproj", "{C24E3235-2630-4271-A7B8-3CAC3DE47386}"
EndProject
Global
	GlobalSection(SolutionConfigurationPlatforms) = preSolution
		Debug|Any CPU = Debug|Any CPU
		Release|Any CPU = Release|Any CPU
	EndGlobalSection
	GlobalSection(ProjectConfigurationPlatforms) = postSolution
		{C24E3235-2630-4271-A7B8-3CAC3DE47386}.Debug|Any CPU.ActiveCfg = Debug|Any CPU
		{C24E3235-2630-4271-A7B8-3CAC3DE47386}.Debug|Any CPU.Build.0 = Debug|Any CPU
		{C24E3235-2630-4271-A7B8-3CAC3DE47386}.Release|Any CPU.ActiveCfg = Release|Any CPU
		{C24E3235-2630-4271-A7B8-3CAC3DE47386}.Release|Any CPU.Build.0 = Release|Any CPU
	EndGlobalSection
	GlobalSection(SolutionProperties) = preSolution
		HideSolutionNode = FALSE
	EndGlobalSection
	GlobalSection(ExtensibilityGlobals) = postSolution
		SolutionGuid = {E326F68B-37CB-4AAF-A630-2714999BAECE}
	EndGlobalSection
EndGlobal
